
Microsoft Visual Studio Solution File, Format Version 12.00
# Visual Studio Version 16
VisualStudioVersion = 16.0.32929.386
MinimumVisualStudioVersion = 10.0.40219.1
Project("{9A19103F-16F7-4668-BE54-9A1E7A4F7556}") = "EntityKatman", "EntityKatman\EntityKatman.csproj", "{E300E457-677E-468B-8296-F1933FC6172E}"
EndProject
Project("{9A19103F-16F7-4668-BE54-9A1E7A4F7556}") = "DataAccessKatman", "DataAccessKatman\DataAccessKatman.csproj", "{3BA1510D-69F3-41A6-ADC3-65BDB0D22F4C}"
EndProject
Project("{9A19103F-16F7-4668-BE54-9A1E7A4F7556}") = "BusinessKatman", "BusinessKatman\BusinessKatman.csproj", "{37E7A976-CBDB-4131-B813-07BD4292B509}"
EndProject
Project("{9A19103F-16F7-4668-BE54-9A1E7A4F7556}") = "DTOLayer", "DTOLayer\DTOLayer.csproj", "{F31FCF25-B30A-424C-B1A3-AA51B6021093}"
EndProject
Project("{9A19103F-16F7-4668-BE54-9A1E7A4F7556}") = "Traversal", "Traversal\Traversal.csproj", "{E2F6EC0D-AF23-427D-BED2-8DF2485D5084}"
EndProject
Global
	GlobalSection(SolutionConfigurationPlatforms) = preSolution
		Debug|Any CPU = Debug|Any CPU
		Release|Any CPU = Release|Any CPU
	EndGlobalSection
	GlobalSection(ProjectConfigurationPlatforms) = postSolution
		{E300E457-677E-468B-8296-F1933FC6172E}.Debug|Any CPU.ActiveCfg = Debug|Any CPU
		{E300E457-677E-468B-8296-F1933FC6172E}.Debug|Any CPU.Build.0 = Debug|Any CPU
		{E300E457-677E-468B-8296-F1933FC6172E}.Release|Any CPU.ActiveCfg = Release|Any CPU
		{E300E457-677E-468B-8296-F1933FC6172E}.Release|Any CPU.Build.0 = Release|Any CPU
		{3BA1510D-69F3-41A6-ADC3-65BDB0D22F4C}.Debug|Any CPU.ActiveCfg = Debug|Any CPU
		{3BA1510D-69F3-41A6-ADC3-65BDB0D22F4C}.Debug|Any CPU.Build.0 = Debug|Any CPU
		{3BA1510D-69F3-41A6-ADC3-65BDB0D22F4C}.Release|Any CPU.ActiveCfg = Release|Any CPU
		{3BA1510D-69F3-41A6-ADC3-65BDB0D22F4C}.Release|Any CPU.Build.0 = Release|Any CPU
		{37E7A976-CBDB-4131-B813-07BD4292B509}.Debug|Any CPU.ActiveCfg = Debug|Any CPU
		{37E7A976-CBDB-4131-B813-07BD4292B509}.Debug|Any CPU.Build.0 = Debug|Any CPU
		{37E7A976-CBDB-4131-B813-07BD4292B509}.Release|Any CPU.ActiveCfg = Release|Any CPU
		{37E7A976-CBDB-4131-B813-07BD4292B509}.Release|Any CPU.Build.0 = Release|Any CPU
		{F31FCF25-B30A-424C-B1A3-AA51B6021093}.Debug|Any CPU.ActiveCfg = Debug|Any CPU
		{F31FCF25-B30A-424C-B1A3-AA51B6021093}.Debug|Any CPU.Build.0 = Debug|Any CPU
		{F31FCF25-B30A-424C-B1A3-AA51B6021093}.Release|Any CPU.ActiveCfg = Release|Any CPU
		{F31FCF25-B30A-424C-B1A3-AA51B6021093}.Release|Any CPU.Build.0 = Release|Any CPU
		{E2F6EC0D-AF23-427D-BED2-8DF2485D5084}.Debug|Any CPU.ActiveCfg = Debug|Any CPU
		{E2F6EC0D-AF23-427D-BED2-8DF2485D5084}.Debug|Any CPU.Build.0 = Debug|Any CPU
		{E2F6EC0D-AF23-427D-BED2-8DF2485D5084}.Release|Any CPU.ActiveCfg = Release|Any CPU
		{E2F6EC0D-AF23-427D-BED2-8DF2485D5084}.Release|Any CPU.Build.0 = Release|Any CPU
	EndGlobalSection
	GlobalSection(SolutionProperties) = preSolution
		HideSolutionNode = FALSE
	EndGlobalSection
	GlobalSection(ExtensibilityGlobals) = postSolution
		SolutionGuid = {5F09BDDA-B243-436F-8797-FBC1DF3081BA}
	EndGlobalSection
EndGlobal
